// !$*UTF8*$!
{
	archiveVersion = 1;
	classes = {
	};
	objectVersion = 56;
	objects = {

/* Begin PBXBuildFile section */
		1382CABC2A9D37A400512056 /* VerificationService.swift in Sources */ = {isa = PBXBuildFile; fileRef = 1382CABB2A9D37A400512056 /* VerificationService.swift */; };
		13993FDE2A9D2DA700E1D7C0 /* UIViewControllerExt.swift in Sources */ = {isa = PBXBuildFile; fileRef = 13993FDD2A9D2DA700E1D7C0 /* UIViewControllerExt.swift */; };
		13A3745A2A9D23FF004C1FCB /* CreateAccViewController.swift in Sources */ = {isa = PBXBuildFile; fileRef = 13A374592A9D23FF004C1FCB /* CreateAccViewController.swift */; };
		13BD8D1A2A96A19200E75AEC /* AppDelegate.swift in Sources */ = {isa = PBXBuildFile; fileRef = 13BD8D192A96A19200E75AEC /* AppDelegate.swift */; };
		13BD8D1C2A96A19200E75AEC /* SceneDelegate.swift in Sources */ = {isa = PBXBuildFile; fileRef = 13BD8D1B2A96A19200E75AEC /* SceneDelegate.swift */; };
		13BD8D212A96A19200E75AEC /* MainStoryboard.storyboard in Resources */ = {isa = PBXBuildFile; fileRef = 13BD8D1F2A96A19200E75AEC /* MainStoryboard.storyboard */; };
		13BD8D232A96A19300E75AEC /* Assets.xcassets in Resources */ = {isa = PBXBuildFile; fileRef = 13BD8D222A96A19300E75AEC /* Assets.xcassets */; };
		13BD8D262A96A19300E75AEC /* LaunchScreen.storyboard in Resources */ = {isa = PBXBuildFile; fileRef = 13BD8D242A96A19300E75AEC /* LaunchScreen.storyboard */; };
		13BD8D302A96A35D00E75AEC /* SignInStoryboard.storyboard in Resources */ = {isa = PBXBuildFile; fileRef = 13BD8D2F2A96A35D00E75AEC /* SignInStoryboard.storyboard */; };
		13BD8D322A96A4FC00E75AEC /* SignUpStoryboard.storyboard in Resources */ = {isa = PBXBuildFile; fileRef = 13BD8D312A96A4FC00E75AEC /* SignUpStoryboard.storyboard */; };
		13BD8D352A96A89400E75AEC /* SignInVC.swift in Sources */ = {isa = PBXBuildFile; fileRef = 13BD8D342A96A89400E75AEC /* SignInVC.swift */; };
/* End PBXBuildFile section */

/* Begin PBXFileReference section */
		1382CABB2A9D37A400512056 /* VerificationService.swift */ = {isa = PBXFileReference; lastKnownFileType = sourcecode.swift; path = VerificationService.swift; sourceTree = "<group>"; };
		13993FDD2A9D2DA700E1D7C0 /* UIViewControllerExt.swift */ = {isa = PBXFileReference; lastKnownFileType = sourcecode.swift; path = UIViewControllerExt.swift; sourceTree = "<group>"; };
		13A374592A9D23FF004C1FCB /* CreateAccViewController.swift */ = {isa = PBXFileReference; lastKnownFileType = sourcecode.swift; path = CreateAccViewController.swift; sourceTree = "<group>"; };
		13BD8D162A96A19200E75AEC /* SignInUpApp.app */ = {isa = PBXFileReference; explicitFileType = wrapper.application; includeInIndex = 0; path = SignInUpApp.app; sourceTree = BUILT_PRODUCTS_DIR; };
		13BD8D192A96A19200E75AEC /* AppDelegate.swift */ = {isa = PBXFileReference; lastKnownFileType = sourcecode.swift; path = AppDelegate.swift; sourceTree = "<group>"; };
		13BD8D1B2A96A19200E75AEC /* SceneDelegate.swift */ = {isa = PBXFileReference; lastKnownFileType = sourcecode.swift; path = SceneDelegate.swift; sourceTree = "<group>"; };
		13BD8D202A96A19200E75AEC /* Base */ = {isa = PBXFileReference; lastKnownFileType = file.storyboard; name = Base; path = Base.lproj/MainStoryboard.storyboard; sourceTree = "<group>"; };
		13BD8D222A96A19300E75AEC /* Assets.xcassets */ = {isa = PBXFileReference; lastKnownFileType = folder.assetcatalog; path = Assets.xcassets; sourceTree = "<group>"; };
		13BD8D252A96A19300E75AEC /* Base */ = {isa = PBXFileReference; lastKnownFileType = file.storyboard; name = Base; path = Base.lproj/LaunchScreen.storyboard; sourceTree = "<group>"; };
		13BD8D272A96A19300E75AEC /* Info.plist */ = {isa = PBXFileReference; lastKnownFileType = text.plist.xml; path = Info.plist; sourceTree = "<group>"; };
		13BD8D2F2A96A35D00E75AEC /* SignInStoryboard.storyboard */ = {isa = PBXFileReference; lastKnownFileType = file.storyboard; path = SignInStoryboard.storyboard; sourceTree = "<group>"; };
		13BD8D312A96A4FC00E75AEC /* SignUpStoryboard.storyboard */ = {isa = PBXFileReference; lastKnownFileType = file.storyboard; path = SignUpStoryboard.storyboard; sourceTree = "<group>"; };
		13BD8D342A96A89400E75AEC /* SignInVC.swift */ = {isa = PBXFileReference; lastKnownFileType = sourcecode.swift; path = SignInVC.swift; sourceTree = "<group>"; };
/* End PBXFileReference section */

/* Begin PBXFrameworksBuildPhase section */
		13BD8D132A96A19200E75AEC /* Frameworks */ = {
			isa = PBXFrameworksBuildPhase;
			buildActionMask = 2147483647;
			files = (
			);
			runOnlyForDeploymentPostprocessing = 0;
		};
/* End PBXFrameworksBuildPhase section */

/* Begin PBXGroup section */
		1382CABA2A9D376200512056 /* Services */ = {
			isa = PBXGroup;
			children = (
				1382CABB2A9D37A400512056 /* VerificationService.swift */,
			);
			path = Services;
			sourceTree = "<group>";
		};
		13993FDC2A9D2D5200E1D7C0 /* Extentions */ = {
			isa = PBXGroup;
			children = (
				13993FDD2A9D2DA700E1D7C0 /* UIViewControllerExt.swift */,
			);
			path = Extentions;
			sourceTree = "<group>";
		};
		13BD8D0D2A96A19200E75AEC = {
			isa = PBXGroup;
			children = (
				13BD8D182A96A19200E75AEC /* SignInUpApp */,
				13BD8D172A96A19200E75AEC /* Products */,
			);
			sourceTree = "<group>";
		};
		13BD8D172A96A19200E75AEC /* Products */ = {
			isa = PBXGroup;
			children = (
				13BD8D162A96A19200E75AEC /* SignInUpApp.app */,
			);
			name = Products;
			sourceTree = "<group>";
		};
		13BD8D182A96A19200E75AEC /* SignInUpApp */ = {
			isa = PBXGroup;
			children = (
				13993FDC2A9D2D5200E1D7C0 /* Extentions */,
				13BD8D332A96A87200E75AEC /* Controllers */,
				13BD8D2D2A96A26700E75AEC /* Views */,
				1382CABA2A9D376200512056 /* Services */,
				13BD8D222A96A19300E75AEC /* Assets.xcassets */,
				13BD8D272A96A19300E75AEC /* Info.plist */,
				13BD8D2E2A96A28E00E75AEC /* AppDelegate */,
			);
			path = SignInUpApp;
			sourceTree = "<group>";
		};
		13BD8D2D2A96A26700E75AEC /* Views */ = {
			isa = PBXGroup;
			children = (
				13BD8D242A96A19300E75AEC /* LaunchScreen.storyboard */,
				13BD8D2F2A96A35D00E75AEC /* SignInStoryboard.storyboard */,
				13BD8D312A96A4FC00E75AEC /* SignUpStoryboard.storyboard */,
				13BD8D1F2A96A19200E75AEC /* MainStoryboard.storyboard */,
			);
			path = Views;
			sourceTree = "<group>";
		};
		13BD8D2E2A96A28E00E75AEC /* AppDelegate */ = {
			isa = PBXGroup;
			children = (
				13BD8D192A96A19200E75AEC /* AppDelegate.swift */,
				13BD8D1B2A96A19200E75AEC /* SceneDelegate.swift */,
			);
			path = AppDelegate;
			sourceTree = "<group>";
		};
		13BD8D332A96A87200E75AEC /* Controllers */ = {
			isa = PBXGroup;
			children = (
				13BD8D342A96A89400E75AEC /* SignInVC.swift */,
				13A374592A9D23FF004C1FCB /* CreateAccViewController.swift */,
			);
			path = Controllers;
			sourceTree = "<group>";
		};
/* End PBXGroup section */

/* Begin PBXNativeTarget section */
		13BD8D152A96A19200E75AEC /* SignInUpApp */ = {
			isa = PBXNativeTarget;
			buildConfigurationList = 13BD8D2A2A96A19300E75AEC /* Build configuration list for PBXNativeTarget "SignInUpApp" */;
			buildPhases = (
				13BD8D122A96A19200E75AEC /* Sources */,
				13BD8D132A96A19200E75AEC /* Frameworks */,
				13BD8D142A96A19200E75AEC /* Resources */,
			);
			buildRules = (
			);
			dependencies = (
			);
			name = SignInUpApp;
			productName = SignInUpApp;
			productReference = 13BD8D162A96A19200E75AEC /* SignInUpApp.app */;
			productType = "com.apple.product-type.application";
		};
/* End PBXNativeTarget section */

/* Begin PBXProject section */
		13BD8D0E2A96A19200E75AEC /* Project object */ = {
			isa = PBXProject;
			attributes = {
				BuildIndependentTargetsInParallel = 1;
				LastSwiftUpdateCheck = 1430;
				LastUpgradeCheck = 1430;
				TargetAttributes = {
					13BD8D152A96A19200E75AEC = {
						CreatedOnToolsVersion = 14.3.1;
					};
				};
			};
			buildConfigurationList = 13BD8D112A96A19200E75AEC /* Build configuration list for PBXProject "SignInUpApp" */;
			compatibilityVersion = "Xcode 14.0";
			developmentRegion = en;
			hasScannedForEncodings = 0;
			knownRegions = (
				en,
				Base,
			);
			mainGroup = 13BD8D0D2A96A19200E75AEC;
			productRefGroup = 13BD8D172A96A19200E75AEC /* Products */;
			projectDirPath = "";
			projectRoot = "";
			targets = (
				13BD8D152A96A19200E75AEC /* SignInUpApp */,
			);
		};
/* End PBXProject section */

/* Begin PBXResourcesBuildPhase section */
		13BD8D142A96A19200E75AEC /* Resources */ = {
			isa = PBXResourcesBuildPhase;
			buildActionMask = 2147483647;
			files = (
				13BD8D322A96A4FC00E75AEC /* SignUpStoryboard.storyboard in Resources */,
				13BD8D262A96A19300E75AEC /* LaunchScreen.storyboard in Resources */,
				13BD8D232A96A19300E75AEC /* Assets.xcassets in Resources */,
				13BD8D212A96A19200E75AEC /* MainStoryboard.storyboard in Resources */,
				13BD8D302A96A35D00E75AEC /* SignInStoryboard.storyboard in Resources */,
			);
			runOnlyForDeploymentPostprocessing = 0;
		};
/* End PBXResourcesBuildPhase section */

/* Begin PBXSourcesBuildPhase section */
		13BD8D122A96A19200E75AEC /* Sources */ = {
			isa = PBXSourcesBuildPhase;
			buildActionMask = 2147483647;
			files = (
				13993FDE2A9D2DA700E1D7C0 /* UIViewControllerExt.swift in Sources */,
				13BD8D1A2A96A19200E75AEC /* AppDelegate.swift in Sources */,
				1382CABC2A9D37A400512056 /* VerificationService.swift in Sources */,
				13BD8D1C2A96A19200E75AEC /* SceneDelegate.swift in Sources */,
				13A3745A2A9D23FF004C1FCB /* CreateAccViewController.swift in Sources */,
				13BD8D352A96A89400E75AEC /* SignInVC.swift in Sources */,
			);
			runOnlyForDeploymentPostprocessing = 0;
		};
/* End PBXSourcesBuildPhase section */

/* Begin PBXVariantGroup section */
		13BD8D1F2A96A19200E75AEC /* MainStoryboard.storyboard */ = {
			isa = PBXVariantGroup;
			children = (
				13BD8D202A96A19200E75AEC /* Base */,
			);
			name = MainStoryboard.storyboard;
			sourceTree = "<group>";
		};
		13BD8D242A96A19300E75AEC /* LaunchScreen.storyboard */ = {
			isa = PBXVariantGroup;
			children = (
				13BD8D252A96A19300E75AEC /* Base */,
			);
			name = LaunchScreen.storyboard;
			sourceTree = "<group>";
		};
/* End PBXVariantGroup section */

/* Begin XCBuildConfiguration section */
		13BD8D282A96A19300E75AEC /* Debug */ = {
			isa = XCBuildConfiguration;
			buildSettings = {
				ALWAYS_SEARCH_USER_PATHS = NO;
				CLANG_ANALYZER_NONNULL = YES;
				CLANG_ANALYZER_NUMBER_OBJECT_CONVERSION = YES_AGGRESSIVE;
				CLANG_CXX_LANGUAGE_STANDARD = "gnu++20";
				CLANG_ENABLE_MODULES = YES;
				CLANG_ENABLE_OBJC_ARC = YES;
				CLANG_ENABLE_OBJC_WEAK = YES;
				CLANG_WARN_BLOCK_CAPTURE_AUTORELEASING = YES;
				CLANG_WARN_BOOL_CONVERSION = YES;
				CLANG_WARN_COMMA = YES;
				CLANG_WARN_CONSTANT_CONVERSION = YES;
				CLANG_WARN_DEPRECATED_OBJC_IMPLEMENTATIONS = YES;
				CLANG_WARN_DIRECT_OBJC_ISA_USAGE = YES_ERROR;
				CLANG_WARN_DOCUMENTATION_COMMENTS = YES;
				CLANG_WARN_EMPTY_BODY = YES;
				CLANG_WARN_ENUM_CONVERSION = YES;
				CLANG_WARN_INFINITE_RECURSION = YES;
				CLANG_WARN_INT_CONVERSION = YES;
				CLANG_WARN_NON_LITERAL_NULL_CONVERSION = YES;
				CLANG_WARN_OBJC_IMPLICIT_RETAIN_SELF = YES;
				CLANG_WARN_OBJC_LITERAL_CONVERSION = YES;
				CLANG_WARN_OBJC_ROOT_CLASS = YES_ERROR;
				CLANG_WARN_QUOTED_INCLUDE_IN_FRAMEWORK_HEADER = YES;
				CLANG_WARN_RANGE_LOOP_ANALYSIS = YES;
				CLANG_WARN_STRICT_PROTOTYPES = YES;
				CLANG_WARN_SUSPICIOUS_MOVE = YES;
				CLANG_WARN_UNGUARDED_AVAILABILITY = YES_AGGRESSIVE;
				CLANG_WARN_UNREACHABLE_CODE = YES;
				CLANG_WARN__DUPLICATE_METHOD_MATCH = YES;
				COPY_PHASE_STRIP = NO;
				DEBUG_INFORMATION_FORMAT = dwarf;
				ENABLE_STRICT_OBJC_MSGSEND = YES;
				ENABLE_TESTABILITY = YES;
				GCC_C_LANGUAGE_STANDARD = gnu11;
				GCC_DYNAMIC_NO_PIC = NO;
				GCC_NO_COMMON_BLOCKS = YES;
				GCC_OPTIMIZATION_LEVEL = 0;
				GCC_PREPROCESSOR_DEFINITIONS = (
					"DEBUG=1",
					"$(inherited)",
				);
				GCC_WARN_64_TO_32_BIT_CONVERSION = YES;
				GCC_WARN_ABOUT_RETURN_TYPE = YES_ERROR;
				GCC_WARN_UNDECLARED_SELECTOR = YES;
				GCC_WARN_UNINITIALIZED_AUTOS = YES_AGGRESSIVE;
				GCC_WARN_UNUSED_FUNCTION = YES;
				GCC_WARN_UNUSED_VARIABLE = YES;
				IPHONEOS_DEPLOYMENT_TARGET = 16.4;
				MTL_ENABLE_DEBUG_INFO = INCLUDE_SOURCE;
				MTL_FAST_MATH = YES;
				ONLY_ACTIVE_ARCH = YES;
				SDKROOT = iphoneos;
				SWIFT_ACTIVE_COMPILATION_CONDITIONS = DEBUG;
				SWIFT_OPTIMIZATION_LEVEL = "-Onone";
			};
			name = Debug;
		};
		13BD8D292A96A19300E75AEC /* Release */ = {
			isa = XCBuildConfiguration;
			buildSettings = {
				ALWAYS_SEARCH_USER_PATHS = NO;
				CLANG_ANALYZER_NONNULL = YES;
				CLANG_ANALYZER_NUMBER_OBJECT_CONVERSION = YES_AGGRESSIVE;
				CLANG_CXX_LANGUAGE_STANDARD = "gnu++20";
				CLANG_ENABLE_MODULES = YES;
				CLANG_ENABLE_OBJC_ARC = YES;
				CLANG_ENABLE_OBJC_WEAK = YES;
				CLANG_WARN_BLOCK_CAPTURE_AUTORELEASING = YES;
				CLANG_WARN_BOOL_CONVERSION = YES;
				CLANG_WARN_COMMA = YES;
				CLANG_WARN_CONSTANT_CONVERSION = YES;
				CLANG_WARN_DEPRECATED_OBJC_IMPLEMENTATIONS = YES;
				CLANG_WARN_DIRECT_OBJC_ISA_USAGE = YES_ERROR;
				CLANG_WARN_DOCUMENTATION_COMMENTS = YES;
				CLANG_WARN_EMPTY_BODY = YES;
				CLANG_WARN_ENUM_CONVERSION = YES;
				CLANG_WARN_INFINITE_RECURSION = YES;
				CLANG_WARN_INT_CONVERSION = YES;
				CLANG_WARN_NON_LITERAL_NULL_CONVERSION = YES;
				CLANG_WARN_OBJC_IMPLICIT_RETAIN_SELF = YES;
				CLANG_WARN_OBJC_LITERAL_CONVERSION = YES;
				CLANG_WARN_OBJC_ROOT_CLASS = YES_ERROR;
				CLANG_WARN_QUOTED_INCLUDE_IN_FRAMEWORK_HEADER = YES;
				CLANG_WARN_RANGE_LOOP_ANALYSIS = YES;
				CLANG_WARN_STRICT_PROTOTYPES = YES;
				CLANG_WARN_SUSPICIOUS_MOVE = YES;
				CLANG_WARN_UNGUARDED_AVAILABILITY = YES_AGGRESSIVE;
				CLANG_WARN_UNREACHABLE_CODE = YES;
				CLANG_WARN__DUPLICATE_METHOD_MATCH = YES;
				COPY_PHASE_STRIP = NO;
				DEBUG_INFORMATION_FORMAT = "dwarf-with-dsym";
				ENABLE_NS_ASSERTIONS = NO;
				ENABLE_STRICT_OBJC_MSGSEND = YES;
				GCC_C_LANGUAGE_STANDARD = gnu11;
				GCC_NO_COMMON_BLOCKS = YES;
				GCC_WARN_64_TO_32_BIT_CONVERSION = YES;
				GCC_WARN_ABOUT_RETURN_TYPE = YES_ERROR;
				GCC_WARN_UNDECLARED_SELECTOR = YES;
				GCC_WARN_UNINITIALIZED_AUTOS = YES_AGGRESSIVE;
				GCC_WARN_UNUSED_FUNCTION = YES;
				GCC_WARN_UNUSED_VARIABLE = YES;
				IPHONEOS_DEPLOYMENT_TARGET = 16.4;
				MTL_ENABLE_DEBUG_INFO = NO;
				MTL_FAST_MATH = YES;
				SDKROOT = iphoneos;
				SWIFT_COMPILATION_MODE = wholemodule;
				SWIFT_OPTIMIZATION_LEVEL = "-O";
				VALIDATE_PRODUCT = YES;
			};
			name = Release;
		};
		13BD8D2B2A96A19300E75AEC /* Debug */ = {
			isa = XCBuildConfiguration;
			buildSettings = {
				ASSETCATALOG_COMPILER_APPICON_NAME = AppIcon;
				ASSETCATALOG_COMPILER_GLOBAL_ACCENT_COLOR_NAME = AccentColor;
				CODE_SIGN_STYLE = Automatic;
				CURRENT_PROJECT_VERSION = 1;
				DEVELOPMENT_TEAM = TWSUZ65Z8U;
				GENERATE_INFOPLIST_FILE = YES;
				INFOPLIST_FILE = SignInUpApp/Info.plist;
				INFOPLIST_KEY_UIApplicationSupportsIndirectInputEvents = YES;
				INFOPLIST_KEY_UILaunchStoryboardName = LaunchScreen;
				INFOPLIST_KEY_UIMainStoryboardFile = SignInStoryboard;
				INFOPLIST_KEY_UISupportedInterfaceOrientations_iPad = "UIInterfaceOrientationPortrait UIInterfaceOrientationPortraitUpsideDown UIInterfaceOrientationLandscapeLeft UIInterfaceOrientationLandscapeRight";
				INFOPLIST_KEY_UISupportedInterfaceOrientations_iPhone = "UIInterfaceOrientationPortrait UIInterfaceOrientationLandscapeLeft UIInterfaceOrientationLandscapeRight";
				LD_RUNPATH_SEARCH_PATHS = (
					"$(inherited)",
					"@executable_path/Frameworks",
				);
				MARKETING_VERSION = 1.0;
				PRODUCT_BUNDLE_IDENTIFIER = "-.SignInUpApp";
				PRODUCT_NAME = "$(TARGET_NAME)";
				SWIFT_EMIT_LOC_STRINGS = YES;
				SWIFT_VERSION = 5.0;
				TARGETED_DEVICE_FAMILY = "1,2";
			};
			name = Debug;
		};
		13BD8D2C2A96A19300E75AEC /* Release */ = {
			isa = XCBuildConfiguration;
			buildSettings = {
				ASSETCATALOG_COMPILER_APPICON_NAME = AppIcon;
				ASSETCATALOG_COMPILER_GLOBAL_ACCENT_COLOR_NAME = AccentColor;
				CODE_SIGN_STYLE = Automatic;
				CURRENT_PROJECT_VERSION = 1;
				DEVELOPMENT_TEAM = TWSUZ65Z8U;
				GENERATE_INFOPLIST_FILE = YES;
				INFOPLIST_FILE = SignInUpApp/Info.plist;
				INFOPLIST_KEY_UIApplicationSupportsIndirectInputEvents = YES;
				INFOPLIST_KEY_UILaunchStoryboardName = LaunchScreen;
				INFOPLIST_KEY_UIMainStoryboardFile = SignInStoryboard;
				INFOPLIST_KEY_UISupportedInterfaceOrientations_iPad = "UIInterfaceOrientationPortrait UIInterfaceOrientationPortraitUpsideDown UIInterfaceOrientationLandscapeLeft UIInterfaceOrientationLandscapeRight";
				INFOPLIST_KEY_UISupportedInterfaceOrientations_iPhone = "UIInterfaceOrientationPortrait UIInterfaceOrientationLandscapeLeft UIInterfaceOrientationLandscapeRight";
				LD_RUNPATH_SEARCH_PATHS = (
					"$(inherited)",
					"@executable_path/Frameworks",
				);
				MARKETING_VERSION = 1.0;
				PRODUCT_BUNDLE_IDENTIFIER = "-.SignInUpApp";
				PRODUCT_NAME = "$(TARGET_NAME)";
				SWIFT_EMIT_LOC_STRINGS = YES;
				SWIFT_VERSION = 5.0;
				TARGETED_DEVICE_FAMILY = "1,2";
			};
			name = Release;
		};
/* End XCBuildConfiguration section */

/* Begin XCConfigurationList section */
		13BD8D112A96A19200E75AEC /* Build configuration list for PBXProject "SignInUpApp" */ = {
			isa = XCConfigurationList;
			buildConfigurations = (
				13BD8D282A96A19300E75AEC /* Debug */,
				13BD8D292A96A19300E75AEC /* Release */,
			);
			defaultConfigurationIsVisible = 0;
			defaultConfigurationName = Release;
		};
		13BD8D2A2A96A19300E75AEC /* Build configuration list for PBXNativeTarget "SignInUpApp" */ = {
			isa = XCConfigurationList;
			buildConfigurations = (
				13BD8D2B2A96A19300E75AEC /* Debug */,
				13BD8D2C2A96A19300E75AEC /* Release */,
			);
			defaultConfigurationIsVisible = 0;
			defaultConfigurationName = Release;
		};
/* End XCConfigurationList section */
	};
	rootObject = 13BD8D0E2A96A19200E75AEC /* Project object */;
}
